
Microsoft Visual Studio Solution File, Format Version 12.00
Project("{2150E333-8FDC-42A3-9474-1A3956D46DE8}") = "solution items", "solution items", "{3888DB12-E19A-4E78-8786-B326126FE5EA}"
	ProjectSection(SolutionItems) = preProject
		Directory.Build.props = Directory.Build.props
		Directory.Packages.props = Directory.Packages.props
		Directory.Build.targets = Directory.Build.targets
		nuget.config = nuget.config
		global.json = global.json
		.editorconfig = .editorconfig
		stylecop.json = stylecop.json
		README.md = README.md
		.justfile = .justfile
	EndProjectSection
EndProject
Project("{2150E333-8FDC-42A3-9474-1A3956D46DE8}") = "src", "src", "{75C3A178-F8F7-4C0F-A426-EF48B4838674}"
EndProject
Project("{2150E333-8FDC-42A3-9474-1A3956D46DE8}") = "_BuildingBlocks", "_BuildingBlocks", "{9AC568F6-1C2A-4F2A-9699-BAD04640D39E}"
EndProject
Project("{2150E333-8FDC-42A3-9474-1A3956D46DE8}") = "Aspire", "Aspire", "{00131294-8D4C-4AD2-B286-9C82C7C853D0}"
EndProject
Project("{2150E333-8FDC-42A3-9474-1A3956D46DE8}") = "Services", "Services", "{120F37E7-586C-4AEC-96A4-DFB5C082D4DC}"
EndProject
Project("{FAE04EC0-301F-11D3-BF4B-00C04F79EFBC}") = "BuildingBlocks.Core", "src\BuildingBlocks\BuildingBlocks.Core\BuildingBlocks.Core.csproj", "{2DCD69E9-23A1-4CF6-85DD-6E433ED17D78}"
EndProject
Project("{FAE04EC0-301F-11D3-BF4B-00C04F79EFBC}") = "FoodExpress.AppHost", "src\Aspire\FoodExpress.AppHost\FoodExpress.AppHost.csproj", "{827A850A-0F9D-41DA-AA7B-8113955B450B}"
EndProject
Project("{FAE04EC0-301F-11D3-BF4B-00C04F79EFBC}") = "FoodExpress.ServiceDefaults", "src\Aspire\FoodExpress.ServiceDefaults\FoodExpress.ServiceDefaults.csproj", "{52E60E5E-5D17-4439-88D9-F527E5948964}"
EndProject
Project("{2150E333-8FDC-42A3-9474-1A3956D46DE8}") = "ApiGateway", "ApiGateway", "{5E17FFC4-713B-477E-ABDF-5C8274D59A12}"
EndProject
Project("{FAE04EC0-301F-11D3-BF4B-00C04F79EFBC}") = "FoodExpress.ApiGateway", "src\ApiGateway\FoodExpress.ApiGateway\FoodExpress.ApiGateway.csproj", "{56B584EA-1EEE-4FC2-9F73-47B5CB52AB7C}"
EndProject
Project("{FAE04EC0-301F-11D3-BF4B-00C04F79EFBC}") = "BuildingBlocks.SharedKernel", "src\BuildingBlocks\BuildingBlocks.SharedKernel\BuildingBlocks.SharedKernel.csproj", "{1E981270-57F9-4AD7-9A0C-0ECCC282C080}"
EndProject
Project("{FAE04EC0-301F-11D3-BF4B-00C04F79EFBC}") = "BuildingBlocks.Constants", "src\BuildingBlocks\BuildingBlocks.Constants\BuildingBlocks.Constants.csproj", "{74E5A61D-C66C-48E2-A341-48601576DE31}"
EndProject
Project("{2150E333-8FDC-42A3-9474-1A3956D46DE8}") = "Catalog", "Catalog", "{F924DDC3-1ACF-4FD1-BD45-5F9405B2A269}"
EndProject
Project("{2150E333-8FDC-42A3-9474-1A3956D46DE8}") = "Ordering", "Ordering", "{A8AE2A72-D14B-453E-AE97-9B38D7D66FAA}"
EndProject
Project("{FAE04EC0-301F-11D3-BF4B-00C04F79EFBC}") = "Services.Catalog", "src\Services\Catalog\Services.Catalog\Services.Catalog.csproj", "{EB20997A-5498-4499-92D0-2EC090DF6E7C}"
EndProject
Project("{FAE04EC0-301F-11D3-BF4B-00C04F79EFBC}") = "Services.Catalog.Api", "src\Services\Catalog\Services.Catalog.Api\Services.Catalog.Api.csproj", "{C23BDCAA-ADEF-4E70-A91F-A94C7F721AFB}"
EndProject
Project("{FAE04EC0-301F-11D3-BF4B-00C04F79EFBC}") = "Services.Ordering.Api", "src\Services\Ordering\Services.Ordering.Api\Services.Ordering.Api.csproj", "{13730CBA-8E4B-4362-99BB-445156EEF152}"
EndProject
Project("{FAE04EC0-301F-11D3-BF4B-00C04F79EFBC}") = "Services.Ordering", "src\Services\Ordering\Services.Ordering\Services.Ordering.csproj", "{62AC267C-5CC4-46D5-9268-BE735C9D7BD3}"
EndProject
Project("{2150E333-8FDC-42A3-9474-1A3956D46DE8}") = "Migrations", "Migrations", "{AFF4EBFC-E76C-4788-8CAD-1049A8C7B38F}"
EndProject
Project("{FAE04EC0-301F-11D3-BF4B-00C04F79EFBC}") = "Migrations", "src\Migrations\Migrations.csproj", "{0C5CC06C-BF23-469C-950F-89F1A31849B1}"
EndProject
Global
	GlobalSection(SolutionConfigurationPlatforms) = preSolution
		Debug|Any CPU = Debug|Any CPU
		Release|Any CPU = Release|Any CPU
	EndGlobalSection
	GlobalSection(NestedProjects) = preSolution
		{9AC568F6-1C2A-4F2A-9699-BAD04640D39E} = {75C3A178-F8F7-4C0F-A426-EF48B4838674}
		{00131294-8D4C-4AD2-B286-9C82C7C853D0} = {75C3A178-F8F7-4C0F-A426-EF48B4838674}
		{120F37E7-586C-4AEC-96A4-DFB5C082D4DC} = {75C3A178-F8F7-4C0F-A426-EF48B4838674}
		{2DCD69E9-23A1-4CF6-85DD-6E433ED17D78} = {9AC568F6-1C2A-4F2A-9699-BAD04640D39E}
		{827A850A-0F9D-41DA-AA7B-8113955B450B} = {00131294-8D4C-4AD2-B286-9C82C7C853D0}
		{52E60E5E-5D17-4439-88D9-F527E5948964} = {00131294-8D4C-4AD2-B286-9C82C7C853D0}
		{5E17FFC4-713B-477E-ABDF-5C8274D59A12} = {75C3A178-F8F7-4C0F-A426-EF48B4838674}
		{56B584EA-1EEE-4FC2-9F73-47B5CB52AB7C} = {5E17FFC4-713B-477E-ABDF-5C8274D59A12}
		{1E981270-57F9-4AD7-9A0C-0ECCC282C080} = {9AC568F6-1C2A-4F2A-9699-BAD04640D39E}
		{74E5A61D-C66C-48E2-A341-48601576DE31} = {9AC568F6-1C2A-4F2A-9699-BAD04640D39E}
		{F924DDC3-1ACF-4FD1-BD45-5F9405B2A269} = {120F37E7-586C-4AEC-96A4-DFB5C082D4DC}
		{A8AE2A72-D14B-453E-AE97-9B38D7D66FAA} = {120F37E7-586C-4AEC-96A4-DFB5C082D4DC}
		{EB20997A-5498-4499-92D0-2EC090DF6E7C} = {F924DDC3-1ACF-4FD1-BD45-5F9405B2A269}
		{C23BDCAA-ADEF-4E70-A91F-A94C7F721AFB} = {F924DDC3-1ACF-4FD1-BD45-5F9405B2A269}
		{13730CBA-8E4B-4362-99BB-445156EEF152} = {A8AE2A72-D14B-453E-AE97-9B38D7D66FAA}
		{62AC267C-5CC4-46D5-9268-BE735C9D7BD3} = {A8AE2A72-D14B-453E-AE97-9B38D7D66FAA}
		{AFF4EBFC-E76C-4788-8CAD-1049A8C7B38F} = {75C3A178-F8F7-4C0F-A426-EF48B4838674}
		{0C5CC06C-BF23-469C-950F-89F1A31849B1} = {AFF4EBFC-E76C-4788-8CAD-1049A8C7B38F}
	EndGlobalSection
	GlobalSection(ProjectConfigurationPlatforms) = postSolution
		{2DCD69E9-23A1-4CF6-85DD-6E433ED17D78}.Debug|Any CPU.ActiveCfg = Debug|Any CPU
		{2DCD69E9-23A1-4CF6-85DD-6E433ED17D78}.Debug|Any CPU.Build.0 = Debug|Any CPU
		{2DCD69E9-23A1-4CF6-85DD-6E433ED17D78}.Release|Any CPU.ActiveCfg = Release|Any CPU
		{2DCD69E9-23A1-4CF6-85DD-6E433ED17D78}.Release|Any CPU.Build.0 = Release|Any CPU
		{827A850A-0F9D-41DA-AA7B-8113955B450B}.Debug|Any CPU.ActiveCfg = Debug|Any CPU
		{827A850A-0F9D-41DA-AA7B-8113955B450B}.Debug|Any CPU.Build.0 = Debug|Any CPU
		{827A850A-0F9D-41DA-AA7B-8113955B450B}.Release|Any CPU.ActiveCfg = Release|Any CPU
		{827A850A-0F9D-41DA-AA7B-8113955B450B}.Release|Any CPU.Build.0 = Release|Any CPU
		{52E60E5E-5D17-4439-88D9-F527E5948964}.Debug|Any CPU.ActiveCfg = Debug|Any CPU
		{52E60E5E-5D17-4439-88D9-F527E5948964}.Debug|Any CPU.Build.0 = Debug|Any CPU
		{52E60E5E-5D17-4439-88D9-F527E5948964}.Release|Any CPU.ActiveCfg = Release|Any CPU
		{52E60E5E-5D17-4439-88D9-F527E5948964}.Release|Any CPU.Build.0 = Release|Any CPU
		{56B584EA-1EEE-4FC2-9F73-47B5CB52AB7C}.Debug|Any CPU.ActiveCfg = Debug|Any CPU
		{56B584EA-1EEE-4FC2-9F73-47B5CB52AB7C}.Debug|Any CPU.Build.0 = Debug|Any CPU
		{56B584EA-1EEE-4FC2-9F73-47B5CB52AB7C}.Release|Any CPU.ActiveCfg = Release|Any CPU
		{56B584EA-1EEE-4FC2-9F73-47B5CB52AB7C}.Release|Any CPU.Build.0 = Release|Any CPU
		{1E981270-57F9-4AD7-9A0C-0ECCC282C080}.Debug|Any CPU.ActiveCfg = Debug|Any CPU
		{1E981270-57F9-4AD7-9A0C-0ECCC282C080}.Debug|Any CPU.Build.0 = Debug|Any CPU
		{1E981270-57F9-4AD7-9A0C-0ECCC282C080}.Release|Any CPU.ActiveCfg = Release|Any CPU
		{1E981270-57F9-4AD7-9A0C-0ECCC282C080}.Release|Any CPU.Build.0 = Release|Any CPU
		{74E5A61D-C66C-48E2-A341-48601576DE31}.Debug|Any CPU.ActiveCfg = Debug|Any CPU
		{74E5A61D-C66C-48E2-A341-48601576DE31}.Debug|Any CPU.Build.0 = Debug|Any CPU
		{74E5A61D-C66C-48E2-A341-48601576DE31}.Release|Any CPU.ActiveCfg = Release|Any CPU
		{74E5A61D-C66C-48E2-A341-48601576DE31}.Release|Any CPU.Build.0 = Release|Any CPU
		{EB20997A-5498-4499-92D0-2EC090DF6E7C}.Debug|Any CPU.ActiveCfg = Debug|Any CPU
		{EB20997A-5498-4499-92D0-2EC090DF6E7C}.Debug|Any CPU.Build.0 = Debug|Any CPU
		{EB20997A-5498-4499-92D0-2EC090DF6E7C}.Release|Any CPU.ActiveCfg = Release|Any CPU
		{EB20997A-5498-4499-92D0-2EC090DF6E7C}.Release|Any CPU.Build.0 = Release|Any CPU
		{C23BDCAA-ADEF-4E70-A91F-A94C7F721AFB}.Debug|Any CPU.ActiveCfg = Debug|Any CPU
		{C23BDCAA-ADEF-4E70-A91F-A94C7F721AFB}.Debug|Any CPU.Build.0 = Debug|Any CPU
		{C23BDCAA-ADEF-4E70-A91F-A94C7F721AFB}.Release|Any CPU.ActiveCfg = Release|Any CPU
		{C23BDCAA-ADEF-4E70-A91F-A94C7F721AFB}.Release|Any CPU.Build.0 = Release|Any CPU
		{13730CBA-8E4B-4362-99BB-445156EEF152}.Debug|Any CPU.ActiveCfg = Debug|Any CPU
		{13730CBA-8E4B-4362-99BB-445156EEF152}.Debug|Any CPU.Build.0 = Debug|Any CPU
		{13730CBA-8E4B-4362-99BB-445156EEF152}.Release|Any CPU.ActiveCfg = Release|Any CPU
		{13730CBA-8E4B-4362-99BB-445156EEF152}.Release|Any CPU.Build.0 = Release|Any CPU
		{62AC267C-5CC4-46D5-9268-BE735C9D7BD3}.Debug|Any CPU.ActiveCfg = Debug|Any CPU
		{62AC267C-5CC4-46D5-9268-BE735C9D7BD3}.Debug|Any CPU.Build.0 = Debug|Any CPU
		{62AC267C-5CC4-46D5-9268-BE735C9D7BD3}.Release|Any CPU.ActiveCfg = Release|Any CPU
		{62AC267C-5CC4-46D5-9268-BE735C9D7BD3}.Release|Any CPU.Build.0 = Release|Any CPU
		{0C5CC06C-BF23-469C-950F-89F1A31849B1}.Debug|Any CPU.ActiveCfg = Debug|Any CPU
		{0C5CC06C-BF23-469C-950F-89F1A31849B1}.Debug|Any CPU.Build.0 = Debug|Any CPU
		{0C5CC06C-BF23-469C-950F-89F1A31849B1}.Release|Any CPU.ActiveCfg = Release|Any CPU
		{0C5CC06C-BF23-469C-950F-89F1A31849B1}.Release|Any CPU.Build.0 = Release|Any CPU
	EndGlobalSection
EndGlobal
